
Microsoft Visual Studio Solution File, Format Version 12.00
# Visual Studio Version 17
VisualStudioVersion = 17.5.33424.131
MinimumVisualStudioVersion = 10.0.40219.1
Project("{FAE04EC0-301F-11D3-BF4B-00C04F79EFBC}") = "BlazorApp1", "BlazorApp1.csproj", "{B9E3C687-1A6A-4B3C-AD54-60F67FAFDD3D}"
EndProject
Global
	GlobalSection(SolutionConfigurationPlatforms) = preSolution
		Debug|Any CPU = Debug|Any CPU
		Release|Any CPU = Release|Any CPU
	EndGlobalSection
	GlobalSection(ProjectConfigurationPlatforms) = postSolution
		{B9E3C687-1A6A-4B3C-AD54-60F67FAFDD3D}.Debug|Any CPU.ActiveCfg = Debug|Any CPU
		{B9E3C687-1A6A-4B3C-AD54-60F67FAFDD3D}.Debug|Any CPU.Build.0 = Debug|Any CPU
		{B9E3C687-1A6A-4B3C-AD54-60F67FAFDD3D}.Release|Any CPU.ActiveCfg = Release|Any CPU
		{B9E3C687-1A6A-4B3C-AD54-60F67FAFDD3D}.Release|Any CPU.Build.0 = Release|Any CPU
	EndGlobalSection
	GlobalSection(SolutionProperties) = preSolution
		HideSolutionNode = FALSE
	EndGlobalSection
	GlobalSection(ExtensibilityGlobals) = postSolution
		SolutionGuid = {07C154F0-71DB-4A2C-B668-722EE4BEA185}
	EndGlobalSection
EndGlobal
